
Microsoft Visual Studio Solution File, Format Version 12.00
# Visual Studio 14
VisualStudioVersion = 14.0.25420.1
MinimumVisualStudioVersion = 10.0.40219.1
Project("{FAE04EC0-301F-11D3-BF4B-00C04F79EFBC}") = "Movie Guide", "Movie Guide\Movie Guide.csproj", "{54538EAA-58CC-4D59-B42E-72BA5A3FF731}"
EndProject
Global
	GlobalSection(SolutionConfigurationPlatforms) = preSolution
		Debug|Any CPU = Debug|Any CPU
		Release|Any CPU = Release|Any CPU
	EndGlobalSection
	GlobalSection(ProjectConfigurationPlatforms) = postSolution
		{54538EAA-58CC-4D59-B42E-72BA5A3FF731}.Debug|Any CPU.ActiveCfg = Debug|Any CPU
		{54538EAA-58CC-4D59-B42E-72BA5A3FF731}.Debug|Any CPU.Build.0 = Debug|Any CPU
		{54538EAA-58CC-4D59-B42E-72BA5A3FF731}.Release|Any CPU.ActiveCfg = Release|Any CPU
		{54538EAA-58CC-4D59-B42E-72BA5A3FF731}.Release|Any CPU.Build.0 = Release|Any CPU
	EndGlobalSection
	GlobalSection(SolutionProperties) = preSolution
		HideSolutionNode = FALSE
	EndGlobalSection
EndGlobal
